
Microsoft Visual Studio Solution File, Format Version 12.00
# Visual Studio 15
VisualStudioVersion = 15.0.27130.2027
MinimumVisualStudioVersion = 10.0.40219.1
Project("{FAE04EC0-301F-11D3-BF4B-00C04F79EFBC}") = "Service-Template-MultiInstance", "Service-Template-MultiInstance\Service-Template-MultiInstance.csproj", "{9AF2A629-B54B-4A41-86D2-FE44AAD82F18}"
EndProject
Global
	GlobalSection(SolutionConfigurationPlatforms) = preSolution
		Debug|Any CPU = Debug|Any CPU
		Release|Any CPU = Release|Any CPU
	EndGlobalSection
	GlobalSection(ProjectConfigurationPlatforms) = postSolution
		{9AF2A629-B54B-4A41-86D2-FE44AAD82F18}.Debug|Any CPU.ActiveCfg = Debug|Any CPU
		{9AF2A629-B54B-4A41-86D2-FE44AAD82F18}.Debug|Any CPU.Build.0 = Debug|Any CPU
		{9AF2A629-B54B-4A41-86D2-FE44AAD82F18}.Release|Any CPU.ActiveCfg = Release|Any CPU
		{9AF2A629-B54B-4A41-86D2-FE44AAD82F18}.Release|Any CPU.Build.0 = Release|Any CPU
	EndGlobalSection
	GlobalSection(SolutionProperties) = preSolution
		HideSolutionNode = FALSE
	EndGlobalSection
	GlobalSection(ExtensibilityGlobals) = postSolution
		SolutionGuid = {F61EDFC1-AB9B-43FA-92FB-B415A36CD155}
	EndGlobalSection
EndGlobal
